
Microsoft Visual Studio Solution File, Format Version 12.00
# Visual Studio Version 17
VisualStudioVersion = 17.8.34322.80
MinimumVisualStudioVersion = 10.0.40219.1
Project("{9A19103F-16F7-4668-BE54-9A1E7A4F7556}") = "SachNoiTrucTuyen", "SachNoiTrucTuyen\SachNoiTrucTuyen\SachNoiTrucTuyen.csproj", "{ECD00FC7-E3ED-472B-8470-87663FD47700}"
EndProject
Project("{FAE04EC0-301F-11D3-BF4B-00C04F79EFBC}") = "SachNoiTrucTuyen.Android", "SachNoiTrucTuyen\SachNoiTrucTuyen.Android\SachNoiTrucTuyen.Android.csproj", "{2EA3F1CF-EC3C-48F1-BDD2-24A867E6D18B}"
EndProject
Project("{FAE04EC0-301F-11D3-BF4B-00C04F79EFBC}") = "SachNoiTrucTuyen.iOS", "SachNoiTrucTuyen\SachNoiTrucTuyen.iOS\SachNoiTrucTuyen.iOS.csproj", "{6D08ABE3-1AAD-41EE-9522-46164B3FCFE9}"
EndProject
Project("{2150E333-8FDC-42A3-9474-1A3956D46DE8}") = "Platforms", "Platforms", "{C3AF2C45-B377-42F0-B2AF-2D87A9157FD3}"
EndProject
Global
	GlobalSection(SolutionConfigurationPlatforms) = preSolution
		Ad-Hoc|Any CPU = Ad-Hoc|Any CPU
		Ad-Hoc|ARM = Ad-Hoc|ARM
		Ad-Hoc|iPhone = Ad-Hoc|iPhone
		Ad-Hoc|iPhoneSimulator = Ad-Hoc|iPhoneSimulator
		Ad-Hoc|x64 = Ad-Hoc|x64
		Ad-Hoc|x86 = Ad-Hoc|x86
		AppStore|Any CPU = AppStore|Any CPU
		AppStore|ARM = AppStore|ARM
		AppStore|iPhone = AppStore|iPhone
		AppStore|iPhoneSimulator = AppStore|iPhoneSimulator
		AppStore|x64 = AppStore|x64
		AppStore|x86 = AppStore|x86
		Debug|Any CPU = Debug|Any CPU
		Debug|ARM = Debug|ARM
		Debug|iPhone = Debug|iPhone
		Debug|iPhoneSimulator = Debug|iPhoneSimulator
		Debug|x64 = Debug|x64
		Debug|x86 = Debug|x86
		Release|Any CPU = Release|Any CPU
		Release|ARM = Release|ARM
		Release|iPhone = Release|iPhone
		Release|iPhoneSimulator = Release|iPhoneSimulator
		Release|x64 = Release|x64
		Release|x86 = Release|x86
	EndGlobalSection
	GlobalSection(ProjectConfigurationPlatforms) = postSolution
		{ECD00FC7-E3ED-472B-8470-87663FD47700}.Ad-Hoc|Any CPU.ActiveCfg = Debug|Any CPU
		{ECD00FC7-E3ED-472B-8470-87663FD47700}.Ad-Hoc|Any CPU.Build.0 = Debug|Any CPU
		{ECD00FC7-E3ED-472B-8470-87663FD47700}.Ad-Hoc|ARM.ActiveCfg = Debug|Any CPU
		{ECD00FC7-E3ED-472B-8470-87663FD47700}.Ad-Hoc|ARM.Build.0 = Debug|Any CPU
		{ECD00FC7-E3ED-472B-8470-87663FD47700}.Ad-Hoc|iPhone.ActiveCfg = Debug|Any CPU
		{ECD00FC7-E3ED-472B-8470-87663FD47700}.Ad-Hoc|iPhone.Build.0 = Debug|Any CPU
		{ECD00FC7-E3ED-472B-8470-87663FD47700}.Ad-Hoc|iPhoneSimulator.ActiveCfg = Debug|Any CPU
		{ECD00FC7-E3ED-472B-8470-87663FD47700}.Ad-Hoc|iPhoneSimulator.Build.0 = Debug|Any CPU
		{ECD00FC7-E3ED-472B-8470-87663FD47700}.Ad-Hoc|x64.ActiveCfg = Debug|Any CPU
		{ECD00FC7-E3ED-472B-8470-87663FD47700}.Ad-Hoc|x64.Build.0 = Debug|Any CPU
		{ECD00FC7-E3ED-472B-8470-87663FD47700}.Ad-Hoc|x86.ActiveCfg = Debug|Any CPU
		{ECD00FC7-E3ED-472B-8470-87663FD47700}.Ad-Hoc|x86.Build.0 = Debug|Any CPU
		{ECD00FC7-E3ED-472B-8470-87663FD47700}.AppStore|Any CPU.ActiveCfg = Debug|Any CPU
		{ECD00FC7-E3ED-472B-8470-87663FD47700}.AppStore|Any CPU.Build.0 = Debug|Any CPU
		{ECD00FC7-E3ED-472B-8470-87663FD47700}.AppStore|ARM.ActiveCfg = Debug|Any CPU
		{ECD00FC7-E3ED-472B-8470-87663FD47700}.AppStore|ARM.Build.0 = Debug|Any CPU
		{ECD00FC7-E3ED-472B-8470-87663FD47700}.AppStore|iPhone.ActiveCfg = Debug|Any CPU
		{ECD00FC7-E3ED-472B-8470-87663FD47700}.AppStore|iPhone.Build.0 = Debug|Any CPU
		{ECD00FC7-E3ED-472B-8470-87663FD47700}.AppStore|iPhoneSimulator.ActiveCfg = Debug|Any CPU
		{ECD00FC7-E3ED-472B-8470-87663FD47700}.AppStore|iPhoneSimulator.Build.0 = Debug|Any CPU
		{ECD00FC7-E3ED-472B-8470-87663FD47700}.AppStore|x64.ActiveCfg = Debug|Any CPU
		{ECD00FC7-E3ED-472B-8470-87663FD47700}.AppStore|x64.Build.0 = Debug|Any CPU
		{ECD00FC7-E3ED-472B-8470-87663FD47700}.AppStore|x86.ActiveCfg = Debug|Any CPU
		{ECD00FC7-E3ED-472B-8470-87663FD47700}.AppStore|x86.Build.0 = Debug|Any CPU
		{ECD00FC7-E3ED-472B-8470-87663FD47700}.Debug|Any CPU.ActiveCfg = Debug|Any CPU
		{ECD00FC7-E3ED-472B-8470-87663FD47700}.Debug|Any CPU.Build.0 = Debug|Any CPU
		{ECD00FC7-E3ED-472B-8470-87663FD47700}.Debug|ARM.ActiveCfg = Debug|Any CPU
		{ECD00FC7-E3ED-472B-8470-87663FD47700}.Debug|ARM.Build.0 = Debug|Any CPU
		{ECD00FC7-E3ED-472B-8470-87663FD47700}.Debug|iPhone.ActiveCfg = Debug|Any CPU
		{ECD00FC7-E3ED-472B-8470-87663FD47700}.Debug|iPhone.Build.0 = Debug|Any CPU
		{ECD00FC7-E3ED-472B-8470-87663FD47700}.Debug|iPhoneSimulator.ActiveCfg = Debug|Any CPU
		{ECD00FC7-E3ED-472B-8470-87663FD47700}.Debug|iPhoneSimulator.Build.0 = Debug|Any CPU
		{ECD00FC7-E3ED-472B-8470-87663FD47700}.Debug|x64.ActiveCfg = Debug|Any CPU
		{ECD00FC7-E3ED-472B-8470-87663FD47700}.Debug|x64.Build.0 = Debug|Any CPU
		{ECD00FC7-E3ED-472B-8470-87663FD47700}.Debug|x86.ActiveCfg = Debug|Any CPU
		{ECD00FC7-E3ED-472B-8470-87663FD47700}.Debug|x86.Build.0 = Debug|Any CPU
		{ECD00FC7-E3ED-472B-8470-87663FD47700}.Release|Any CPU.ActiveCfg = Release|Any CPU
		{ECD00FC7-E3ED-472B-8470-87663FD47700}.Release|Any CPU.Build.0 = Release|Any CPU
		{ECD00FC7-E3ED-472B-8470-87663FD47700}.Release|ARM.ActiveCfg = Release|Any CPU
		{ECD00FC7-E3ED-472B-8470-87663FD47700}.Release|ARM.Build.0 = Release|Any CPU
		{ECD00FC7-E3ED-472B-8470-87663FD47700}.Release|iPhone.ActiveCfg = Release|Any CPU
		{ECD00FC7-E3ED-472B-8470-87663FD47700}.Release|iPhone.Build.0 = Release|Any CPU
		{ECD00FC7-E3ED-472B-8470-87663FD47700}.Release|iPhoneSimulator.ActiveCfg = Release|Any CPU
		{ECD00FC7-E3ED-472B-8470-87663FD47700}.Release|iPhoneSimulator.Build.0 = Release|Any CPU
		{ECD00FC7-E3ED-472B-8470-87663FD47700}.Release|x64.ActiveCfg = Release|Any CPU
		{ECD00FC7-E3ED-472B-8470-87663FD47700}.Release|x64.Build.0 = Release|Any CPU
		{ECD00FC7-E3ED-472B-8470-87663FD47700}.Release|x86.ActiveCfg = Release|Any CPU
		{ECD00FC7-E3ED-472B-8470-87663FD47700}.Release|x86.Build.0 = Release|Any CPU
		{2EA3F1CF-EC3C-48F1-BDD2-24A867E6D18B}.Ad-Hoc|Any CPU.ActiveCfg = Debug|Any CPU
		{2EA3F1CF-EC3C-48F1-BDD2-24A867E6D18B}.Ad-Hoc|Any CPU.Build.0 = Debug|Any CPU
		{2EA3F1CF-EC3C-48F1-BDD2-24A867E6D18B}.Ad-Hoc|Any CPU.Deploy.0 = Debug|Any CPU
		{2EA3F1CF-EC3C-48F1-BDD2-24A867E6D18B}.Ad-Hoc|ARM.ActiveCfg = Debug|Any CPU
		{2EA3F1CF-EC3C-48F1-BDD2-24A867E6D18B}.Ad-Hoc|ARM.Build.0 = Debug|Any CPU
		{2EA3F1CF-EC3C-48F1-BDD2-24A867E6D18B}.Ad-Hoc|ARM.Deploy.0 = Debug|Any CPU
		{2EA3F1CF-EC3C-48F1-BDD2-24A867E6D18B}.Ad-Hoc|iPhone.ActiveCfg = Debug|Any CPU
		{2EA3F1CF-EC3C-48F1-BDD2-24A867E6D18B}.Ad-Hoc|iPhone.Build.0 = Debug|Any CPU
		{2EA3F1CF-EC3C-48F1-BDD2-24A867E6D18B}.Ad-Hoc|iPhone.Deploy.0 = Debug|Any CPU
		{2EA3F1CF-EC3C-48F1-BDD2-24A867E6D18B}.Ad-Hoc|iPhoneSimulator.ActiveCfg = Debug|Any CPU
		{2EA3F1CF-EC3C-48F1-BDD2-24A867E6D18B}.Ad-Hoc|iPhoneSimulator.Build.0 = Debug|Any CPU
		{2EA3F1CF-EC3C-48F1-BDD2-24A867E6D18B}.Ad-Hoc|iPhoneSimulator.Deploy.0 = Debug|Any CPU
		{2EA3F1CF-EC3C-48F1-BDD2-24A867E6D18B}.Ad-Hoc|x64.ActiveCfg = Debug|Any CPU
		{2EA3F1CF-EC3C-48F1-BDD2-24A867E6D18B}.Ad-Hoc|x64.Build.0 = Debug|Any CPU
		{2EA3F1CF-EC3C-48F1-BDD2-24A867E6D18B}.Ad-Hoc|x64.Deploy.0 = Debug|Any CPU
		{2EA3F1CF-EC3C-48F1-BDD2-24A867E6D18B}.Ad-Hoc|x86.ActiveCfg = Debug|Any CPU
		{2EA3F1CF-EC3C-48F1-BDD2-24A867E6D18B}.Ad-Hoc|x86.Build.0 = Debug|Any CPU
		{2EA3F1CF-EC3C-48F1-BDD2-24A867E6D18B}.Ad-Hoc|x86.Deploy.0 = Debug|Any CPU
		{2EA3F1CF-EC3C-48F1-BDD2-24A867E6D18B}.AppStore|Any CPU.ActiveCfg = Debug|Any CPU
		{2EA3F1CF-EC3C-48F1-BDD2-24A867E6D18B}.AppStore|Any CPU.Build.0 = Debug|Any CPU
		{2EA3F1CF-EC3C-48F1-BDD2-24A867E6D18B}.AppStore|Any CPU.Deploy.0 = Debug|Any CPU
		{2EA3F1CF-EC3C-48F1-BDD2-24A867E6D18B}.AppStore|ARM.ActiveCfg = Debug|Any CPU
		{2EA3F1CF-EC3C-48F1-BDD2-24A867E6D18B}.AppStore|ARM.Build.0 = Debug|Any CPU
		{2EA3F1CF-EC3C-48F1-BDD2-24A867E6D18B}.AppStore|ARM.Deploy.0 = Debug|Any CPU
		{2EA3F1CF-EC3C-48F1-BDD2-24A867E6D18B}.AppStore|iPhone.ActiveCfg = Debug|Any CPU
		{2EA3F1CF-EC3C-48F1-BDD2-24A867E6D18B}.AppStore|iPhone.Build.0 = Debug|Any CPU
		{2EA3F1CF-EC3C-48F1-BDD2-24A867E6D18B}.AppStore|iPhone.Deploy.0 = Debug|Any CPU
		{2EA3F1CF-EC3C-48F1-BDD2-24A867E6D18B}.AppStore|iPhoneSimulator.ActiveCfg = Debug|Any CPU
		{2EA3F1CF-EC3C-48F1-BDD2-24A867E6D18B}.AppStore|iPhoneSimulator.Build.0 = Debug|Any CPU
		{2EA3F1CF-EC3C-48F1-BDD2-24A867E6D18B}.AppStore|iPhoneSimulator.Deploy.0 = Debug|Any CPU
		{2EA3F1CF-EC3C-48F1-BDD2-24A867E6D18B}.AppStore|x64.ActiveCfg = Debug|Any CPU
		{2EA3F1CF-EC3C-48F1-BDD2-24A867E6D18B}.AppStore|x64.Build.0 = Debug|Any CPU
		{2EA3F1CF-EC3C-48F1-BDD2-24A867E6D18B}.AppStore|x64.Deploy.0 = Debug|Any CPU
		{2EA3F1CF-EC3C-48F1-BDD2-24A867E6D18B}.AppStore|x86.ActiveCfg = Debug|Any CPU
		{2EA3F1CF-EC3C-48F1-BDD2-24A867E6D18B}.AppStore|x86.Build.0 = Debug|Any CPU
		{2EA3F1CF-EC3C-48F1-BDD2-24A867E6D18B}.AppStore|x86.Deploy.0 = Debug|Any CPU
		{2EA3F1CF-EC3C-48F1-BDD2-24A867E6D18B}.Debug|Any CPU.ActiveCfg = Debug|Any CPU
		{2EA3F1CF-EC3C-48F1-BDD2-24A867E6D18B}.Debug|Any CPU.Build.0 = Debug|Any CPU
		{2EA3F1CF-EC3C-48F1-BDD2-24A867E6D18B}.Debug|Any CPU.Deploy.0 = Debug|Any CPU
		{2EA3F1CF-EC3C-48F1-BDD2-24A867E6D18B}.Debug|ARM.ActiveCfg = Debug|Any CPU
		{2EA3F1CF-EC3C-48F1-BDD2-24A867E6D18B}.Debug|ARM.Build.0 = Debug|Any CPU
		{2EA3F1CF-EC3C-48F1-BDD2-24A867E6D18B}.Debug|ARM.Deploy.0 = Debug|Any CPU
		{2EA3F1CF-EC3C-48F1-BDD2-24A867E6D18B}.Debug|iPhone.ActiveCfg = Debug|Any CPU
		{2EA3F1CF-EC3C-48F1-BDD2-24A867E6D18B}.Debug|iPhone.Build.0 = Debug|Any CPU
		{2EA3F1CF-EC3C-48F1-BDD2-24A867E6D18B}.Debug|iPhone.Deploy.0 = Debug|Any CPU
		{2EA3F1CF-EC3C-48F1-BDD2-24A867E6D18B}.Debug|iPhoneSimulator.ActiveCfg = Debug|Any CPU
		{2EA3F1CF-EC3C-48F1-BDD2-24A867E6D18B}.Debug|iPhoneSimulator.Build.0 = Debug|Any CPU
		{2EA3F1CF-EC3C-48F1-BDD2-24A867E6D18B}.Debug|iPhoneSimulator.Deploy.0 = Debug|Any CPU
		{2EA3F1CF-EC3C-48F1-BDD2-24A867E6D18B}.Debug|x64.ActiveCfg = Debug|Any CPU
		{2EA3F1CF-EC3C-48F1-BDD2-24A867E6D18B}.Debug|x64.Build.0 = Debug|Any CPU
		{2EA3F1CF-EC3C-48F1-BDD2-24A867E6D18B}.Debug|x64.Deploy.0 = Debug|Any CPU
		{2EA3F1CF-EC3C-48F1-BDD2-24A867E6D18B}.Debug|x86.ActiveCfg = Debug|Any CPU
		{2EA3F1CF-EC3C-48F1-BDD2-24A867E6D18B}.Debug|x86.Build.0 = Debug|Any CPU
		{2EA3F1CF-EC3C-48F1-BDD2-24A867E6D18B}.Debug|x86.Deploy.0 = Debug|Any CPU
		{2EA3F1CF-EC3C-48F1-BDD2-24A867E6D18B}.Release|Any CPU.ActiveCfg = Release|Any CPU
		{2EA3F1CF-EC3C-48F1-BDD2-24A867E6D18B}.Release|Any CPU.Build.0 = Release|Any CPU
		{2EA3F1CF-EC3C-48F1-BDD2-24A867E6D18B}.Release|Any CPU.Deploy.0 = Release|Any CPU
		{2EA3F1CF-EC3C-48F1-BDD2-24A867E6D18B}.Release|ARM.ActiveCfg = Release|Any CPU
		{2EA3F1CF-EC3C-48F1-BDD2-24A867E6D18B}.Release|ARM.Build.0 = Release|Any CPU
		{2EA3F1CF-EC3C-48F1-BDD2-24A867E6D18B}.Release|ARM.Deploy.0 = Release|Any CPU
		{2EA3F1CF-EC3C-48F1-BDD2-24A867E6D18B}.Release|iPhone.ActiveCfg = Release|Any CPU
		{2EA3F1CF-EC3C-48F1-BDD2-24A867E6D18B}.Release|iPhone.Build.0 = Release|Any CPU
		{2EA3F1CF-EC3C-48F1-BDD2-24A867E6D18B}.Release|iPhone.Deploy.0 = Release|Any CPU
		{2EA3F1CF-EC3C-48F1-BDD2-24A867E6D18B}.Release|iPhoneSimulator.ActiveCfg = Release|Any CPU
		{2EA3F1CF-EC3C-48F1-BDD2-24A867E6D18B}.Release|iPhoneSimulator.Build.0 = Release|Any CPU
		{2EA3F1CF-EC3C-48F1-BDD2-24A867E6D18B}.Release|iPhoneSimulator.Deploy.0 = Release|Any CPU
		{2EA3F1CF-EC3C-48F1-BDD2-24A867E6D18B}.Release|x64.ActiveCfg = Release|Any CPU
		{2EA3F1CF-EC3C-48F1-BDD2-24A867E6D18B}.Release|x64.Build.0 = Release|Any CPU
		{2EA3F1CF-EC3C-48F1-BDD2-24A867E6D18B}.Release|x64.Deploy.0 = Release|Any CPU
		{2EA3F1CF-EC3C-48F1-BDD2-24A867E6D18B}.Release|x86.ActiveCfg = Release|Any CPU
		{2EA3F1CF-EC3C-48F1-BDD2-24A867E6D18B}.Release|x86.Build.0 = Release|Any CPU
		{2EA3F1CF-EC3C-48F1-BDD2-24A867E6D18B}.Release|x86.Deploy.0 = Release|Any CPU
		{6D08ABE3-1AAD-41EE-9522-46164B3FCFE9}.Ad-Hoc|Any CPU.ActiveCfg = Ad-Hoc|iPhoneSimulator
		{6D08ABE3-1AAD-41EE-9522-46164B3FCFE9}.Ad-Hoc|ARM.ActiveCfg = Ad-Hoc|iPhoneSimulator
		{6D08ABE3-1AAD-41EE-9522-46164B3FCFE9}.Ad-Hoc|iPhone.ActiveCfg = Ad-Hoc|iPhone
		{6D08ABE3-1AAD-41EE-9522-46164B3FCFE9}.Ad-Hoc|iPhone.Build.0 = Ad-Hoc|iPhone
		{6D08ABE3-1AAD-41EE-9522-46164B3FCFE9}.Ad-Hoc|iPhoneSimulator.ActiveCfg = Ad-Hoc|iPhoneSimulator
		{6D08ABE3-1AAD-41EE-9522-46164B3FCFE9}.Ad-Hoc|iPhoneSimulator.Build.0 = Ad-Hoc|iPhoneSimulator
		{6D08ABE3-1AAD-41EE-9522-46164B3FCFE9}.Ad-Hoc|x64.ActiveCfg = Ad-Hoc|iPhoneSimulator
		{6D08ABE3-1AAD-41EE-9522-46164B3FCFE9}.Ad-Hoc|x86.ActiveCfg = Ad-Hoc|iPhoneSimulator
		{6D08ABE3-1AAD-41EE-9522-46164B3FCFE9}.AppStore|Any CPU.ActiveCfg = AppStore|iPhoneSimulator
		{6D08ABE3-1AAD-41EE-9522-46164B3FCFE9}.AppStore|ARM.ActiveCfg = AppStore|iPhoneSimulator
		{6D08ABE3-1AAD-41EE-9522-46164B3FCFE9}.AppStore|iPhone.ActiveCfg = AppStore|iPhone
		{6D08ABE3-1AAD-41EE-9522-46164B3FCFE9}.AppStore|iPhone.Build.0 = AppStore|iPhone
		{6D08ABE3-1AAD-41EE-9522-46164B3FCFE9}.AppStore|iPhoneSimulator.ActiveCfg = AppStore|iPhoneSimulator
		{6D08ABE3-1AAD-41EE-9522-46164B3FCFE9}.AppStore|iPhoneSimulator.Build.0 = AppStore|iPhoneSimulator
		{6D08ABE3-1AAD-41EE-9522-46164B3FCFE9}.AppStore|x64.ActiveCfg = AppStore|iPhoneSimulator
		{6D08ABE3-1AAD-41EE-9522-46164B3FCFE9}.AppStore|x86.ActiveCfg = AppStore|iPhoneSimulator
		{6D08ABE3-1AAD-41EE-9522-46164B3FCFE9}.Debug|Any CPU.ActiveCfg = Debug|iPhoneSimulator
		{6D08ABE3-1AAD-41EE-9522-46164B3FCFE9}.Debug|ARM.ActiveCfg = Debug|iPhoneSimulator
		{6D08ABE3-1AAD-41EE-9522-46164B3FCFE9}.Debug|iPhone.ActiveCfg = Debug|iPhone
		{6D08ABE3-1AAD-41EE-9522-46164B3FCFE9}.Debug|iPhone.Build.0 = Debug|iPhone
		{6D08ABE3-1AAD-41EE-9522-46164B3FCFE9}.Debug|iPhoneSimulator.ActiveCfg = Debug|iPhoneSimulator
		{6D08ABE3-1AAD-41EE-9522-46164B3FCFE9}.Debug|iPhoneSimulator.Build.0 = Debug|iPhoneSimulator
		{6D08ABE3-1AAD-41EE-9522-46164B3FCFE9}.Debug|x64.ActiveCfg = Debug|iPhoneSimulator
		{6D08ABE3-1AAD-41EE-9522-46164B3FCFE9}.Debug|x86.ActiveCfg = Debug|iPhoneSimulator
		{6D08ABE3-1AAD-41EE-9522-46164B3FCFE9}.Release|Any CPU.ActiveCfg = Release|iPhoneSimulator
		{6D08ABE3-1AAD-41EE-9522-46164B3FCFE9}.Release|ARM.ActiveCfg = Release|iPhoneSimulator
		{6D08ABE3-1AAD-41EE-9522-46164B3FCFE9}.Release|iPhone.ActiveCfg = Release|iPhone
		{6D08ABE3-1AAD-41EE-9522-46164B3FCFE9}.Release|iPhone.Build.0 = Release|iPhone
		{6D08ABE3-1AAD-41EE-9522-46164B3FCFE9}.Release|iPhoneSimulator.ActiveCfg = Release|iPhoneSimulator
		{6D08ABE3-1AAD-41EE-9522-46164B3FCFE9}.Release|iPhoneSimulator.Build.0 = Release|iPhoneSimulator
		{6D08ABE3-1AAD-41EE-9522-46164B3FCFE9}.Release|x64.ActiveCfg = Release|iPhoneSimulator
		{6D08ABE3-1AAD-41EE-9522-46164B3FCFE9}.Release|x86.ActiveCfg = Release|iPhoneSimulator
	EndGlobalSection
	GlobalSection(SolutionProperties) = preSolution
		HideSolutionNode = FALSE
	EndGlobalSection
	GlobalSection(NestedProjects) = preSolution
		{2EA3F1CF-EC3C-48F1-BDD2-24A867E6D18B} = {C3AF2C45-B377-42F0-B2AF-2D87A9157FD3}
		{6D08ABE3-1AAD-41EE-9522-46164B3FCFE9} = {C3AF2C45-B377-42F0-B2AF-2D87A9157FD3}
	EndGlobalSection
	GlobalSection(ExtensibilityGlobals) = postSolution
		SolutionGuid = {FD6A84F1-A744-4316-9672-900FE43C5BED}
	EndGlobalSection
EndGlobal
